
Microsoft Visual Studio Solution File, Format Version 12.00
# Visual Studio Version 16
VisualStudioVersion = 16.0.28803.202
MinimumVisualStudioVersion = 10.0.40219.1
Project("{FAE04EC0-301F-11D3-BF4B-00C04F79EFBC}") = "Задание 1 прак 4", "Задание 1 прак 4\Задание 1 прак 4.csproj", "{0EA4A945-06CA-4EE6-BCE8-6636E8A3B3E7}"
EndProject
Global
	GlobalSection(SolutionConfigurationPlatforms) = preSolution
		Debug|Any CPU = Debug|Any CPU
		Release|Any CPU = Release|Any CPU
	EndGlobalSection
	GlobalSection(ProjectConfigurationPlatforms) = postSolution
		{0EA4A945-06CA-4EE6-BCE8-6636E8A3B3E7}.Debug|Any CPU.ActiveCfg = Debug|Any CPU
		{0EA4A945-06CA-4EE6-BCE8-6636E8A3B3E7}.Debug|Any CPU.Build.0 = Debug|Any CPU
		{0EA4A945-06CA-4EE6-BCE8-6636E8A3B3E7}.Release|Any CPU.ActiveCfg = Release|Any CPU
		{0EA4A945-06CA-4EE6-BCE8-6636E8A3B3E7}.Release|Any CPU.Build.0 = Release|Any CPU
	EndGlobalSection
	GlobalSection(SolutionProperties) = preSolution
		HideSolutionNode = FALSE
	EndGlobalSection
	GlobalSection(ExtensibilityGlobals) = postSolution
		SolutionGuid = {73F5C6A4-2E86-4BAB-844D-C97CD8CF797B}
	EndGlobalSection
EndGlobal
