
Microsoft Visual Studio Solution File, Format Version 12.00
# Visual Studio Version 16
VisualStudioVersion = 16.0.28803.202
MinimumVisualStudioVersion = 10.0.40219.1
Project("{FAE04EC0-301F-11D3-BF4B-00C04F79EFBC}") = "Задание 1 прак 3", "Задание 1 прак 3\Задание 1 прак 3.csproj", "{56FF205D-C7D0-47D6-8875-0EC7936E4834}"
EndProject
Global
	GlobalSection(SolutionConfigurationPlatforms) = preSolution
		Debug|Any CPU = Debug|Any CPU
		Release|Any CPU = Release|Any CPU
	EndGlobalSection
	GlobalSection(ProjectConfigurationPlatforms) = postSolution
		{56FF205D-C7D0-47D6-8875-0EC7936E4834}.Debug|Any CPU.ActiveCfg = Debug|Any CPU
		{56FF205D-C7D0-47D6-8875-0EC7936E4834}.Debug|Any CPU.Build.0 = Debug|Any CPU
		{56FF205D-C7D0-47D6-8875-0EC7936E4834}.Release|Any CPU.ActiveCfg = Release|Any CPU
		{56FF205D-C7D0-47D6-8875-0EC7936E4834}.Release|Any CPU.Build.0 = Release|Any CPU
	EndGlobalSection
	GlobalSection(SolutionProperties) = preSolution
		HideSolutionNode = FALSE
	EndGlobalSection
	GlobalSection(ExtensibilityGlobals) = postSolution
		SolutionGuid = {7C57FC09-D8D8-4166-9387-2205113E146F}
	EndGlobalSection
EndGlobal
