
Microsoft Visual Studio Solution File, Format Version 12.00
# Visual Studio Version 16
VisualStudioVersion = 16.0.28803.202
MinimumVisualStudioVersion = 10.0.40219.1
Project("{FAE04EC0-301F-11D3-BF4B-00C04F79EFBC}") = "Задание 4 прак 2", "Задание 4 прак 2\Задание 4 прак 2.csproj", "{354B4BDD-BEE1-4C2A-AAFF-CE2619814EDA}"
EndProject
Global
	GlobalSection(SolutionConfigurationPlatforms) = preSolution
		Debug|Any CPU = Debug|Any CPU
		Release|Any CPU = Release|Any CPU
	EndGlobalSection
	GlobalSection(ProjectConfigurationPlatforms) = postSolution
		{354B4BDD-BEE1-4C2A-AAFF-CE2619814EDA}.Debug|Any CPU.ActiveCfg = Debug|Any CPU
		{354B4BDD-BEE1-4C2A-AAFF-CE2619814EDA}.Debug|Any CPU.Build.0 = Debug|Any CPU
		{354B4BDD-BEE1-4C2A-AAFF-CE2619814EDA}.Release|Any CPU.ActiveCfg = Release|Any CPU
		{354B4BDD-BEE1-4C2A-AAFF-CE2619814EDA}.Release|Any CPU.Build.0 = Release|Any CPU
	EndGlobalSection
	GlobalSection(SolutionProperties) = preSolution
		HideSolutionNode = FALSE
	EndGlobalSection
	GlobalSection(ExtensibilityGlobals) = postSolution
		SolutionGuid = {B58C75D8-5263-4265-B25D-D0D2B2C794B7}
	EndGlobalSection
EndGlobal
